# THIS IS AN AUTOGENERATED FILE. DO NOT EDIT THIS FILE DIRECTLY.
# yarn lockfile v1


vuetify@^3.0.0:
  version "3.8.7"
  resolved "https://registry.yarnpkg.com/vuetify/-/vuetify-3.8.7.tgz#59377e406551c92f5d532694095462c9ee2bc6fa"
  integrity sha512-Xid5za36cOA9We0QShcjiI4qoWXcwABhlhDHi8/0qpjSrBgJ63GobQdZ9YYyRvjMT3XXJqgbkdis1RS/oGL8Bw==
