# THIS IS AN AUTOGENERATED FILE. DO NOT EDIT THIS FILE DIRECTLY.
# yarn lockfile v1


vuetify@^3.0.0:
  version "3.11.3"
  resolved "https://registry.yarnpkg.com/vuetify/-/vuetify-3.11.3.tgz#b95cd9db1130a75eb8f708538195d47b0a200676"
  integrity sha512-sZe/2f143cbqtJupkynOGOHxgn+YjRrXIj0atZlBECbOr4nZPCmSdukPSbudb0wU3fQpUjlaTGx0m4vIBPQqGQ==
